
Microsoft Visual Studio Solution File, Format Version 12.00
# Visual Studio Version 16
VisualStudioVersion = 16.0.33027.164
MinimumVisualStudioVersion = 10.0.40219.1
Project("{9A19103F-16F7-4668-BE54-9A1E7A4F7556}") = "CarRentalManagement.Server", "CarRentalManagement\Server\CarRentalManagement.Server.csproj", "{0E7C4F71-FBF0-4116-BE81-5964E6F59155}"
EndProject
Project("{9A19103F-16F7-4668-BE54-9A1E7A4F7556}") = "CarRentalManagement.Client", "CarRentalManagement\Client\CarRentalManagement.Client.csproj", "{CAACE405-7CF7-406E-94E3-CEF4D7E8CD1A}"
EndProject
Project("{9A19103F-16F7-4668-BE54-9A1E7A4F7556}") = "CarRentalManagement.Shared", "CarRentalManagement\Shared\CarRentalManagement.Shared.csproj", "{2C7210BA-DF8A-4DF0-BD3E-5D328C93FF1A}"
EndProject
Global
	GlobalSection(SolutionConfigurationPlatforms) = preSolution
		Debug|Any CPU = Debug|Any CPU
		Release|Any CPU = Release|Any CPU
	EndGlobalSection
	GlobalSection(ProjectConfigurationPlatforms) = postSolution
		{0E7C4F71-FBF0-4116-BE81-5964E6F59155}.Debug|Any CPU.ActiveCfg = Debug|Any CPU
		{0E7C4F71-FBF0-4116-BE81-5964E6F59155}.Debug|Any CPU.Build.0 = Debug|Any CPU
		{0E7C4F71-FBF0-4116-BE81-5964E6F59155}.Release|Any CPU.ActiveCfg = Release|Any CPU
		{0E7C4F71-FBF0-4116-BE81-5964E6F59155}.Release|Any CPU.Build.0 = Release|Any CPU
		{CAACE405-7CF7-406E-94E3-CEF4D7E8CD1A}.Debug|Any CPU.ActiveCfg = Debug|Any CPU
		{CAACE405-7CF7-406E-94E3-CEF4D7E8CD1A}.Debug|Any CPU.Build.0 = Debug|Any CPU
		{CAACE405-7CF7-406E-94E3-CEF4D7E8CD1A}.Release|Any CPU.ActiveCfg = Release|Any CPU
		{CAACE405-7CF7-406E-94E3-CEF4D7E8CD1A}.Release|Any CPU.Build.0 = Release|Any CPU
		{2C7210BA-DF8A-4DF0-BD3E-5D328C93FF1A}.Debug|Any CPU.ActiveCfg = Debug|Any CPU
		{2C7210BA-DF8A-4DF0-BD3E-5D328C93FF1A}.Debug|Any CPU.Build.0 = Debug|Any CPU
		{2C7210BA-DF8A-4DF0-BD3E-5D328C93FF1A}.Release|Any CPU.ActiveCfg = Release|Any CPU
		{2C7210BA-DF8A-4DF0-BD3E-5D328C93FF1A}.Release|Any CPU.Build.0 = Release|Any CPU
	EndGlobalSection
	GlobalSection(SolutionProperties) = preSolution
		HideSolutionNode = FALSE
	EndGlobalSection
	GlobalSection(ExtensibilityGlobals) = postSolution
		SolutionGuid = {8570921B-F921-436C-8D08-A1B8E654194C}
	EndGlobalSection
EndGlobal
